<?xml version="1.0" encoding="utf-8"?>
<Project ToolsVersion="4.0" xmlns="http://schemas.microsoft.com/developer/msbuild/2003">
  <ItemGroup>
    <Filter Include="Source Files">
      <UniqueIdentifier>{4FC737F1-C7A5-4376-A066-2A32D752A2FF}</UniqueIdentifier>
      <Extensions>cpp;c;cc;cxx;def;odl;idl;hpj;bat;asm;asmx</Extensions>
    </Filter>
    <Filter Include="Header Files">
      <UniqueIdentifier>{93995380-89BD-4b04-88EB-625FBE52EBFB}</UniqueIdentifier>
      <Extensions>h;hh;hpp;hxx;hm;inl;inc;xsd</Extensions>
    </Filter>
    <Filter Include="Resource Files">
      <UniqueIdentifier>{67DA6AB6-F800-4c08-8B7A-83BB121AAD01}</UniqueIdentifier>
      <Extensions>rc;ico;cur;bmp;dlg;rc2;rct;bin;rgs;gif;jpg;jpeg;jpe;resx;tiff;tif;png;wav;mfcribbon-ms</Extensions>
    </Filter>
    <Filter Include="Shaders">
      <UniqueIdentifier>{8b6c92a8-f65d-451e-80e3-d65773602b92}</UniqueIdentifier>
    </Filter>
    <Filter Include="Objects">
      <UniqueIdentifier>{3a566fe1-d774-4726-bca6-59ffef7ac99c}</UniqueIdentifier>
    </Filter>
  </ItemGroup>
  <ItemGroup>
    <ClInclude Include="Colors.h">
      <Filter>Header Files</Filter>
    </ClInclude>
    <ClInclude Include="DXErr.h">
      <Filter>Header Files</Filter>
    </ClInclude>
    <ClInclude Include="Game.h">
      <Filter>Header Files</Filter>
    </ClInclude>
    <ClInclude Include="Graphics.h">
      <Filter>Header Files</Filter>
    </ClInclude>
    <ClInclude Include="Keyboard.h">
      <Filter>Header Files</Filter>
    </ClInclude>
    <ClInclude Include="MainWindow.h">
      <Filter>Header Files</Filter>
    </ClInclude>
    <ClInclude Include="Mouse.h">
      <Filter>Header Files</Filter>
    </ClInclude>
    <ClInclude Include="Resource.h">
      <Filter>Header Files</Filter>
    </ClInclude>
    <ClInclude Include="Objects\Actor.h">
      <Filter>Objects</Filter>
    </ClInclude>
    <ClInclude Include="Objects\ActorComponent.h">
      <Filter>Objects</Filter>
    </ClInclude>
    <ClInclude Include="Objects\AI_Component.h">
      <Filter>Objects</Filter>
    </ClInclude>
    <ClInclude Include="Objects\Ammo.h">
      <Filter>Objects</Filter>
    </ClInclude>
    <ClInclude Include="Objects\GraphicsComponentInterface.h">
      <Filter>Objects</Filter>
    </ClInclude>
    <ClInclude Include="Objects\HardwareChecks.h">
      <Filter>Objects</Filter>
    </ClInclude>
    <ClInclude Include="Objects\Health.h">
      <Filter>Objects</Filter>
    </ClInclude>
    <ClInclude Include="Objects\Mana.h">
      <Filter>Objects</Filter>
    </ClInclude>
    <ClInclude Include="Objects\MeshCollider.h">
      <Filter>Objects</Filter>
    </ClInclude>
    <ClInclude Include="Objects\MeshRenderer.h">
      <Filter>Objects</Filter>
    </ClInclude>
    <ClInclude Include="Objects\Pathfinding.h">
      <Filter>Objects</Filter>
    </ClInclude>
    <ClInclude Include="Objects\PhysicsComponent.h">
      <Filter>Objects</Filter>
    </ClInclude>
    <ClInclude Include="Objects\PickupsInterface.h">
      <Filter>Objects</Filter>
    </ClInclude>
    <ClInclude Include="Objects\Rigidbody.h">
      <Filter>Objects</Filter>
    </ClInclude>
    <ClInclude Include="Objects\SpecialAbility.h">
      <Filter>Objects</Filter>
    </ClInclude>
    <ClInclude Include="Objects\StatsComponent.h">
      <Filter>Objects</Filter>
    </ClInclude>
    <ClInclude Include="Objects\Transform.h">
      <Filter>Objects</Filter>
    </ClInclude>
    <ClInclude Include="EventHandler.h">
      <Filter>Header Files</Filter>
    </ClInclude>
    <ClInclude Include="SauceException.h">
      <Filter>Header Files</Filter>
    </ClInclude>
    <ClInclude Include="SauceWin.h">
      <Filter>Header Files</Filter>
    </ClInclude>
  </ItemGroup>
  <ItemGroup>
    <ClCompile Include="DXErr.cpp">
      <Filter>Source Files</Filter>
    </ClCompile>
    <ClCompile Include="Game.cpp">
      <Filter>Source Files</Filter>
    </ClCompile>
    <ClCompile Include="Graphics.cpp">
      <Filter>Source Files</Filter>
    </ClCompile>
    <ClCompile Include="Keyboard.cpp">
      <Filter>Source Files</Filter>
    </ClCompile>
    <ClCompile Include="MainWindow.cpp">
      <Filter>Source Files</Filter>
    </ClCompile>
    <ClCompile Include="Mouse.cpp">
      <Filter>Source Files</Filter>
    </ClCompile>
    <ClCompile Include="Objects\Actor.cpp">
      <Filter>Objects</Filter>
    </ClCompile>
    <ClCompile Include="Objects\ActorComponent.cpp">
      <Filter>Objects</Filter>
    </ClCompile>
    <ClCompile Include="Objects\AI_Component.cpp">
      <Filter>Objects</Filter>
    </ClCompile>
    <ClCompile Include="Objects\Ammo.cpp">
      <Filter>Objects</Filter>
    </ClCompile>
    <ClCompile Include="Objects\GraphicsComponentInterface.cpp">
      <Filter>Objects</Filter>
    </ClCompile>
    <ClCompile Include="Objects\HardwareChecks.cpp">
      <Filter>Objects</Filter>
    </ClCompile>
    <ClCompile Include="Objects\Health.cpp">
      <Filter>Objects</Filter>
    </ClCompile>
    <ClCompile Include="Objects\Mana.cpp">
      <Filter>Objects</Filter>
    </ClCompile>
    <ClCompile Include="Objects\MeshCollider.cpp">
      <Filter>Objects</Filter>
    </ClCompile>
    <ClCompile Include="Objects\MeshRenderer.cpp">
      <Filter>Objects</Filter>
    </ClCompile>
    <ClCompile Include="Objects\Pathfinding.cpp">
      <Filter>Objects</Filter>
    </ClCompile>
    <ClCompile Include="Objects\PhysicsComponent.cpp">
      <Filter>Objects</Filter>
    </ClCompile>
    <ClCompile Include="Objects\PickupsInterface.cpp">
      <Filter>Objects</Filter>
    </ClCompile>
    <ClCompile Include="Objects\Rigidbody.cpp">
      <Filter>Objects</Filter>
    </ClCompile>
    <ClCompile Include="Objects\SpecialAbility.cpp">
      <Filter>Objects</Filter>
    </ClCompile>
    <ClCompile Include="Objects\StatsComponent.cpp">
      <Filter>Objects</Filter>
    </ClCompile>
    <ClCompile Include="Objects\Transform.cpp">
      <Filter>Objects</Filter>
    </ClCompile>
    <ClCompile Include="EventHandler.cpp">
      <Filter>Source Files</Filter>
    </ClCompile>
    <ClCompile Include="SauceEngine2.cpp">
      <Filter>Source Files</Filter>
    </ClCompile>
  </ItemGroup>
  <ItemGroup>
    <FxCompile Include="Shaders/FramebufferPS.hlsl" />
    <FxCompile Include="Shaders/FramebufferVS.hlsl" />
  </ItemGroup>
  <ItemGroup>
    <ResourceCompile Include="Resource.rc">
      <Filter>Resource Files</Filter>
    </ResourceCompile>
  </ItemGroup>
  <ItemGroup>
    <Image Include="Sauce.ico">
      <Filter>Resource Files</Filter>
    </Image>
  </ItemGroup>
</Project>