<?xml version="1.0" encoding="utf-8"?>
<Project ToolsVersion="4.0" xmlns="http://schemas.microsoft.com/developer/msbuild/2003">
  <ItemGroup>
    <Filter Include="Components">
      <UniqueIdentifier>{3a566fe1-d774-4726-bca6-59ffef7ac99c}</UniqueIdentifier>
    </Filter>
    <Filter Include="Components\Header">
      <UniqueIdentifier>{bd53233f-f7e3-4d53-b64a-bec1a64732f6}</UniqueIdentifier>
    </Filter>
    <Filter Include="Components\Source">
      <UniqueIdentifier>{4c26edfd-baa7-4026-a907-c058062bb58a}</UniqueIdentifier>
    </Filter>
    <Filter Include="Engine Header Files">
      <UniqueIdentifier>{93995380-89BD-4b04-88EB-625FBE52EBFB}</UniqueIdentifier>
      <Extensions>h;hh;hpp;hxx;hm;inl;inc;xsd</Extensions>
    </Filter>
    <Filter Include="Engine Source Files">
      <UniqueIdentifier>{4FC737F1-C7A5-4376-A066-2A32D752A2FF}</UniqueIdentifier>
      <Extensions>cpp;c;cc;cxx;def;odl;idl;hpj;bat;asm;asmx</Extensions>
    </Filter>
    <Filter Include="Engine Resources">
      <UniqueIdentifier>{67DA6AB6-F800-4c08-8B7A-83BB121AAD01}</UniqueIdentifier>
      <Extensions>rc;ico;cur;bmp;dlg;rc2;rct;bin;rgs;gif;jpg;jpeg;jpe;resx;tiff;tif;png;wav;mfcribbon-ms</Extensions>
    </Filter>
    <Filter Include="Scenes">
      <UniqueIdentifier>{72a07424-7421-40cf-81eb-11875bdd5c3b}</UniqueIdentifier>
    </Filter>
  </ItemGroup>
  <ItemGroup>
    <ClInclude Include="Keyboard.h">
      <Filter>Engine Header Files</Filter>
    </ClInclude>
    <ClInclude Include="Mouse.h">
      <Filter>Engine Header Files</Filter>
    </ClInclude>
    <ClInclude Include="EventHandler.h">
      <Filter>Engine Header Files</Filter>
    </ClInclude>
    <ClInclude Include="Components\Actor.h">
      <Filter>Components\Header</Filter>
    </ClInclude>
    <ClInclude Include="Components\ActorComponent.h">
      <Filter>Components\Header</Filter>
    </ClInclude>
    <ClInclude Include="Components\AI_Component.h">
      <Filter>Components\Header</Filter>
    </ClInclude>
    <ClInclude Include="Components\Ammo.h">
      <Filter>Components\Header</Filter>
    </ClInclude>
    <ClInclude Include="Components\GraphicsComponentInterface.h">
      <Filter>Components\Header</Filter>
    </ClInclude>
    <ClInclude Include="Components\HardwareChecks.h">
      <Filter>Components\Header</Filter>
    </ClInclude>
    <ClInclude Include="Components\Health.h">
      <Filter>Components\Header</Filter>
    </ClInclude>
    <ClInclude Include="Components\Mana.h">
      <Filter>Components\Header</Filter>
    </ClInclude>
    <ClInclude Include="Components\MeshCollider.h">
      <Filter>Components\Header</Filter>
    </ClInclude>
    <ClInclude Include="Components\MeshRenderer.h">
      <Filter>Components\Header</Filter>
    </ClInclude>
    <ClInclude Include="Components\Pathfinding.h">
      <Filter>Components\Header</Filter>
    </ClInclude>
    <ClInclude Include="Components\PhysicsComponent.h">
      <Filter>Components\Header</Filter>
    </ClInclude>
    <ClInclude Include="Components\PickupsInterface.h">
      <Filter>Components\Header</Filter>
    </ClInclude>
    <ClInclude Include="Components\Rigidbody.h">
      <Filter>Components\Header</Filter>
    </ClInclude>
    <ClInclude Include="Components\SpecialAbility.h">
      <Filter>Components\Header</Filter>
    </ClInclude>
    <ClInclude Include="Components\StatsComponent.h">
      <Filter>Components\Header</Filter>
    </ClInclude>
    <ClInclude Include="Components\GameObject.h">
      <Filter>Components\Header</Filter>
    </ClInclude>
    <ClInclude Include="resource.h">
      <Filter>Engine Header Files</Filter>
    </ClInclude>
    <ClInclude Include="SceneManager.h">
      <Filter>Engine Header Files</Filter>
    </ClInclude>
    <ClInclude Include="Scenes.hpp">
      <Filter>Engine Source Files</Filter>
    </ClInclude>
    <ClInclude Include="AssetLoader.h">
      <Filter>Engine Header Files</Filter>
    </ClInclude>
    <ClInclude Include="scene_0.hpp">
      <Filter>Scenes</Filter>
    </ClInclude>
    <ClInclude Include="scene_1.hpp">
      <Filter>Scenes</Filter>
    </ClInclude>
    <ClInclude Include="scene_2.hpp">
      <Filter>Scenes</Filter>
    </ClInclude>
    <ClInclude Include="Components\TransformComponent.h">
      <Filter>Components\Header</Filter>
    </ClInclude>
    <ClInclude Include="Components\BaseComponent.h">
      <Filter>Components\Header</Filter>
    </ClInclude>
    <ClInclude Include="Collision.h">
      <Filter>Engine Header Files</Filter>
    </ClInclude>
  </ItemGroup>
  <ItemGroup>
    <ClCompile Include="Keyboard.cpp">
      <Filter>Engine Source Files</Filter>
    </ClCompile>
    <ClCompile Include="Mouse.cpp">
      <Filter>Engine Source Files</Filter>
    </ClCompile>
    <ClCompile Include="EventHandler.cpp">
      <Filter>Engine Source Files</Filter>
    </ClCompile>
    <ClCompile Include="SauceEngine2.cpp">
      <Filter>Engine Source Files</Filter>
    </ClCompile>
    <ClCompile Include="Components\Actor.cpp">
      <Filter>Components\Source</Filter>
    </ClCompile>
    <ClCompile Include="Components\ActorComponent.cpp">
      <Filter>Components\Source</Filter>
    </ClCompile>
    <ClCompile Include="Components\AI_Component.cpp">
      <Filter>Components\Source</Filter>
    </ClCompile>
    <ClCompile Include="Components\Ammo.cpp">
      <Filter>Components\Source</Filter>
    </ClCompile>
    <ClCompile Include="Components\GraphicsComponentInterface.cpp">
      <Filter>Components\Source</Filter>
    </ClCompile>
    <ClCompile Include="Components\HardwareChecks.cpp">
      <Filter>Components\Source</Filter>
    </ClCompile>
    <ClCompile Include="Components\Health.cpp">
      <Filter>Components\Source</Filter>
    </ClCompile>
    <ClCompile Include="Components\Mana.cpp">
      <Filter>Components\Source</Filter>
    </ClCompile>
    <ClCompile Include="Components\MeshCollider.cpp">
      <Filter>Components\Source</Filter>
    </ClCompile>
    <ClCompile Include="Components\MeshRenderer.cpp">
      <Filter>Components\Source</Filter>
    </ClCompile>
    <ClCompile Include="Components\Pathfinding.cpp">
      <Filter>Components\Source</Filter>
    </ClCompile>
    <ClCompile Include="Components\PhysicsComponent.cpp">
      <Filter>Components\Source</Filter>
    </ClCompile>
    <ClCompile Include="Components\PickupsInterface.cpp">
      <Filter>Components\Source</Filter>
    </ClCompile>
    <ClCompile Include="Components\Rigidbody.cpp">
      <Filter>Components\Source</Filter>
    </ClCompile>
    <ClCompile Include="Components\SpecialAbility.cpp">
      <Filter>Components\Source</Filter>
    </ClCompile>
    <ClCompile Include="Components\StatsComponent.cpp">
      <Filter>Components\Source</Filter>
    </ClCompile>
    <ClCompile Include="Components\GameObject.cpp">
      <Filter>Components\Source</Filter>
    </ClCompile>
    <ClCompile Include="AssetLoader.cpp">
      <Filter>Engine Source Files</Filter>
    </ClCompile>
    <ClCompile Include="Components\TransformComponent.cpp">
      <Filter>Components\Source</Filter>
    </ClCompile>
    <ClCompile Include="Components\BaseComponent.cpp">
      <Filter>Components\Source</Filter>
    </ClCompile>
    <ClCompile Include="Collision.cpp">
      <Filter>Engine Source Files</Filter>
    </ClCompile>
  </ItemGroup>
  <ItemGroup>
    <Image Include="..\..\Assets\Sauce.ico">
      <Filter>Engine Resources</Filter>
    </Image>
  </ItemGroup>
  <ItemGroup>
    <ResourceCompile Include="Resource.rc">
      <Filter>Engine Resources</Filter>
    </ResourceCompile>
  </ItemGroup>
</Project>